
Microsoft Visual Studio Solution File, Format Version 12.00
# Visual Studio Version 17
VisualStudioVersion = 17.13.35913.81 d17.13
MinimumVisualStudioVersion = 10.0.40219.1
Project("{FAE04EC0-301F-11D3-BF4B-00C04F79EFBC}") = "Website", "Website\Website.csproj", "{D182076D-8C76-40DE-AE8D-D5234E2F6FE8}"
EndProject
Project("{FAE04EC0-301F-11D3-BF4B-00C04F79EFBC}") = "Intranet", "Intranet\Intranet.csproj", "{61C0165A-751C-45AD-B5F9-C72B6954A11D}"
EndProject
Global
	GlobalSection(SolutionConfigurationPlatforms) = preSolution
		Debug|Any CPU = Debug|Any CPU
		Release|Any CPU = Release|Any CPU
	EndGlobalSection
	GlobalSection(ProjectConfigurationPlatforms) = postSolution
		{D182076D-8C76-40DE-AE8D-D5234E2F6FE8}.Debug|Any CPU.ActiveCfg = Debug|Any CPU
		{D182076D-8C76-40DE-AE8D-D5234E2F6FE8}.Debug|Any CPU.Build.0 = Debug|Any CPU
		{D182076D-8C76-40DE-AE8D-D5234E2F6FE8}.Release|Any CPU.ActiveCfg = Release|Any CPU
		{D182076D-8C76-40DE-AE8D-D5234E2F6FE8}.Release|Any CPU.Build.0 = Release|Any CPU
		{61C0165A-751C-45AD-B5F9-C72B6954A11D}.Debug|Any CPU.ActiveCfg = Debug|Any CPU
		{61C0165A-751C-45AD-B5F9-C72B6954A11D}.Debug|Any CPU.Build.0 = Debug|Any CPU
		{61C0165A-751C-45AD-B5F9-C72B6954A11D}.Release|Any CPU.ActiveCfg = Release|Any CPU
		{61C0165A-751C-45AD-B5F9-C72B6954A11D}.Release|Any CPU.Build.0 = Release|Any CPU
	EndGlobalSection
	GlobalSection(SolutionProperties) = preSolution
		HideSolutionNode = FALSE
	EndGlobalSection
	GlobalSection(ExtensibilityGlobals) = postSolution
		SolutionGuid = {52A0E0A2-199E-4561-AC42-B9AFD2DE8BE9}
	EndGlobalSection
EndGlobal
